
Microsoft Visual Studio Solution File, Format Version 12.00
# Visual Studio Version 16
VisualStudioVersion = 16.0.31424.327
MinimumVisualStudioVersion = 10.0.40219.1
Project("{8BC9CEB8-8B4A-11D0-8D11-00A0C91BC942}") = "OpenCVPaddleOCR", "OpenCVPaddleOCR\OpenCVPaddleOCR.vcxproj", "{0FB8764D-0156-4509-A98B-D989C1CEEAF1}"
EndProject
Global
	GlobalSection(SolutionConfigurationPlatforms) = preSolution
		Debug|x64 = Debug|x64
		Debug|x86 = Debug|x86
		Release|x64 = Release|x64
		Release|x86 = Release|x86
	EndGlobalSection
	GlobalSection(ProjectConfigurationPlatforms) = postSolution
		{0FB8764D-0156-4509-A98B-D989C1CEEAF1}.Debug|x64.ActiveCfg = Debug|x64
		{0FB8764D-0156-4509-A98B-D989C1CEEAF1}.Debug|x64.Build.0 = Debug|x64
		{0FB8764D-0156-4509-A98B-D989C1CEEAF1}.Debug|x86.ActiveCfg = Debug|Win32
		{0FB8764D-0156-4509-A98B-D989C1CEEAF1}.Debug|x86.Build.0 = Debug|Win32
		{0FB8764D-0156-4509-A98B-D989C1CEEAF1}.Release|x64.ActiveCfg = Release|x64
		{0FB8764D-0156-4509-A98B-D989C1CEEAF1}.Release|x64.Build.0 = Release|x64
		{0FB8764D-0156-4509-A98B-D989C1CEEAF1}.Release|x86.ActiveCfg = Release|Win32
		{0FB8764D-0156-4509-A98B-D989C1CEEAF1}.Release|x86.Build.0 = Release|Win32
	EndGlobalSection
	GlobalSection(SolutionProperties) = preSolution
		HideSolutionNode = FALSE
	EndGlobalSection
	GlobalSection(ExtensibilityGlobals) = postSolution
		SolutionGuid = {D863A02A-2904-4163-9005-FFDC8EE15B63}
	EndGlobalSection
EndGlobal
