
Microsoft Visual Studio Solution File, Format Version 12.00
# Visual Studio Version 16
VisualStudioVersion = 16.0.30611.23
MinimumVisualStudioVersion = 10.0.40219.1
Project("{8BC9CEB8-8B4A-11D0-8D11-00A0C91BC942}") = "opencvsrctosumiao", "opencvsrctosumiao\opencvsrctosumiao.vcxproj", "{AF94563A-DDB8-4601-9E27-437C364F10FC}"
EndProject
Global
	GlobalSection(SolutionConfigurationPlatforms) = preSolution
		Debug|x64 = Debug|x64
		Debug|x86 = Debug|x86
		Release|x64 = Release|x64
		Release|x86 = Release|x86
	EndGlobalSection
	GlobalSection(ProjectConfigurationPlatforms) = postSolution
		{AF94563A-DDB8-4601-9E27-437C364F10FC}.Debug|x64.ActiveCfg = Debug|x64
		{AF94563A-DDB8-4601-9E27-437C364F10FC}.Debug|x64.Build.0 = Debug|x64
		{AF94563A-DDB8-4601-9E27-437C364F10FC}.Debug|x86.ActiveCfg = Debug|Win32
		{AF94563A-DDB8-4601-9E27-437C364F10FC}.Debug|x86.Build.0 = Debug|Win32
		{AF94563A-DDB8-4601-9E27-437C364F10FC}.Release|x64.ActiveCfg = Release|x64
		{AF94563A-DDB8-4601-9E27-437C364F10FC}.Release|x64.Build.0 = Release|x64
		{AF94563A-DDB8-4601-9E27-437C364F10FC}.Release|x86.ActiveCfg = Release|Win32
		{AF94563A-DDB8-4601-9E27-437C364F10FC}.Release|x86.Build.0 = Release|Win32
	EndGlobalSection
	GlobalSection(SolutionProperties) = preSolution
		HideSolutionNode = FALSE
	EndGlobalSection
	GlobalSection(ExtensibilityGlobals) = postSolution
		SolutionGuid = {BC0E627A-2709-490C-8B2B-648316817019}
	EndGlobalSection
EndGlobal
